
Microsoft Visual Studio Solution File, Format Version 12.00
# Visual Studio 15
VisualStudioVersion = 15.0.26730.16
MinimumVisualStudioVersion = 10.0.40219.1
Project("{FAE04EC0-301F-11D3-BF4B-00C04F79EFBC}") = "Agenda", "Agenda\Agenda.csproj", "{C7B3CF98-F434-4814-B125-1F5307E7D414}"
EndProject
Global
	GlobalSection(SolutionConfigurationPlatforms) = preSolution
		Debug|Any CPU = Debug|Any CPU
		Release|Any CPU = Release|Any CPU
	EndGlobalSection
	GlobalSection(ProjectConfigurationPlatforms) = postSolution
		{C7B3CF98-F434-4814-B125-1F5307E7D414}.Debug|Any CPU.ActiveCfg = Debug|Any CPU
		{C7B3CF98-F434-4814-B125-1F5307E7D414}.Debug|Any CPU.Build.0 = Debug|Any CPU
		{C7B3CF98-F434-4814-B125-1F5307E7D414}.Release|Any CPU.ActiveCfg = Release|Any CPU
		{C7B3CF98-F434-4814-B125-1F5307E7D414}.Release|Any CPU.Build.0 = Release|Any CPU
	EndGlobalSection
	GlobalSection(SolutionProperties) = preSolution
		HideSolutionNode = FALSE
	EndGlobalSection
	GlobalSection(ExtensibilityGlobals) = postSolution
		SolutionGuid = {E9A21E49-8CC9-4B3A-A4FE-116A5C1F4001}
	EndGlobalSection
EndGlobal
